
Microsoft Visual Studio Solution File, Format Version 11.00
# Visual C++ Express 2010
Project("{8BC9CEB8-8B4A-11D0-8D11-00A0C91BC942}") = "Bimp2Asc", "Bimp2Asc\Bimp2Asc.vcxproj", "{F5B43EDD-EABF-4526-800F-6B26176B655F}"
EndProject
Global
	GlobalSection(SolutionConfigurationPlatforms) = preSolution
		Debug|Win32 = Debug|Win32
		Release|Win32 = Release|Win32
	EndGlobalSection
	GlobalSection(ProjectConfigurationPlatforms) = postSolution
		{F5B43EDD-EABF-4526-800F-6B26176B655F}.Debug|Win32.ActiveCfg = Debug|Win32
		{F5B43EDD-EABF-4526-800F-6B26176B655F}.Debug|Win32.Build.0 = Debug|Win32
		{F5B43EDD-EABF-4526-800F-6B26176B655F}.Release|Win32.ActiveCfg = Release|Win32
		{F5B43EDD-EABF-4526-800F-6B26176B655F}.Release|Win32.Build.0 = Release|Win32
	EndGlobalSection
	GlobalSection(SolutionProperties) = preSolution
		HideSolutionNode = FALSE
	EndGlobalSection
EndGlobal
